// !$*UTF8*$!
{
	archiveVersion = 1;
	classes = {
	};
	objectVersion = 56;
	objects = {

/* Begin PBXBuildFile section */
		BEF70AC52B37B8EB00D467C4 /* AppDelegate.swift in Sources */ = {isa = PBXBuildFile; fileRef = BEF70AC42B37B8EB00D467C4 /* AppDelegate.swift */; };
		BEF70AC72B37B8EB00D467C4 /* SceneDelegate.swift in Sources */ = {isa = PBXBuildFile; fileRef = BEF70AC62B37B8EB00D467C4 /* SceneDelegate.swift */; };
		BEF70AC92B37B8EB00D467C4 /* CarModelsVC.swift in Sources */ = {isa = PBXBuildFile; fileRef = BEF70AC82B37B8EB00D467C4 /* CarModelsVC.swift */; };
		BEF70ACC2B37B8EB00D467C4 /* Main.storyboard in Resources */ = {isa = PBXBuildFile; fileRef = BEF70ACA2B37B8EB00D467C4 /* Main.storyboard */; };
		BEF70ACE2B37B8EC00D467C4 /* Assets.xcassets in Resources */ = {isa = PBXBuildFile; fileRef = BEF70ACD2B37B8EC00D467C4 /* Assets.xcassets */; };
		BEF70AD12B37B8EC00D467C4 /* LaunchScreen.storyboard in Resources */ = {isa = PBXBuildFile; fileRef = BEF70ACF2B37B8EC00D467C4 /* LaunchScreen.storyboard */; };
		BEF70ADC2B37B8ED00D467C4 /* MVC_TeslaCarModelsTests.swift in Sources */ = {isa = PBXBuildFile; fileRef = BEF70ADB2B37B8ED00D467C4 /* MVC_TeslaCarModelsTests.swift */; };
		BEF70AE62B37B8ED00D467C4 /* MVC_TeslaCarModelsUITests.swift in Sources */ = {isa = PBXBuildFile; fileRef = BEF70AE52B37B8ED00D467C4 /* MVC_TeslaCarModelsUITests.swift */; };
		BEF70AE82B37B8ED00D467C4 /* MVC_TeslaCarModelsUITestsLaunchTests.swift in Sources */ = {isa = PBXBuildFile; fileRef = BEF70AE72B37B8ED00D467C4 /* MVC_TeslaCarModelsUITestsLaunchTests.swift */; };
		BEF70AFB2B37BC9100D467C4 /* CarModelCell.swift in Sources */ = {isa = PBXBuildFile; fileRef = BEF70AFA2B37BC9100D467C4 /* CarModelCell.swift */; };
/* End PBXBuildFile section */

/* Begin PBXContainerItemProxy section */
		BEF70AD82B37B8ED00D467C4 /* PBXContainerItemProxy */ = {
			isa = PBXContainerItemProxy;
			containerPortal = BEF70AB92B37B8EB00D467C4 /* Project object */;
			proxyType = 1;
			remoteGlobalIDString = BEF70AC02B37B8EB00D467C4;
			remoteInfo = MVC_TeslaCarModels;
		};
		BEF70AE22B37B8ED00D467C4 /* PBXContainerItemProxy */ = {
			isa = PBXContainerItemProxy;
			containerPortal = BEF70AB92B37B8EB00D467C4 /* Project object */;
			proxyType = 1;
			remoteGlobalIDString = BEF70AC02B37B8EB00D467C4;
			remoteInfo = MVC_TeslaCarModels;
		};
/* End PBXContainerItemProxy section */

/* Begin PBXFileReference section */
		BEF70AC12B37B8EB00D467C4 /* MVC_TeslaCarModels.app */ = {isa = PBXFileReference; explicitFileType = wrapper.application; includeInIndex = 0; path = MVC_TeslaCarModels.app; sourceTree = BUILT_PRODUCTS_DIR; };
		BEF70AC42B37B8EB00D467C4 /* AppDelegate.swift */ = {isa = PBXFileReference; lastKnownFileType = sourcecode.swift; path = AppDelegate.swift; sourceTree = "<group>"; };
		BEF70AC62B37B8EB00D467C4 /* SceneDelegate.swift */ = {isa = PBXFileReference; lastKnownFileType = sourcecode.swift; path = SceneDelegate.swift; sourceTree = "<group>"; };
		BEF70AC82B37B8EB00D467C4 /* CarModelsVC.swift */ = {isa = PBXFileReference; lastKnownFileType = sourcecode.swift; path = CarModelsVC.swift; sourceTree = "<group>"; };
		BEF70ACB2B37B8EB00D467C4 /* Base */ = {isa = PBXFileReference; lastKnownFileType = file.storyboard; name = Base; path = Base.lproj/Main.storyboard; sourceTree = "<group>"; };
		BEF70ACD2B37B8EC00D467C4 /* Assets.xcassets */ = {isa = PBXFileReference; lastKnownFileType = folder.assetcatalog; path = Assets.xcassets; sourceTree = "<group>"; };
		BEF70AD02B37B8EC00D467C4 /* Base */ = {isa = PBXFileReference; lastKnownFileType = file.storyboard; name = Base; path = Base.lproj/LaunchScreen.storyboard; sourceTree = "<group>"; };
		BEF70AD22B37B8EC00D467C4 /* Info.plist */ = {isa = PBXFileReference; lastKnownFileType = text.plist.xml; path = Info.plist; sourceTree = "<group>"; };
		BEF70AD72B37B8ED00D467C4 /* MVC_TeslaCarModelsTests.xctest */ = {isa = PBXFileReference; explicitFileType = wrapper.cfbundle; includeInIndex = 0; path = MVC_TeslaCarModelsTests.xctest; sourceTree = BUILT_PRODUCTS_DIR; };
		BEF70ADB2B37B8ED00D467C4 /* MVC_TeslaCarModelsTests.swift */ = {isa = PBXFileReference; lastKnownFileType = sourcecode.swift; path = MVC_TeslaCarModelsTests.swift; sourceTree = "<group>"; };
		BEF70AE12B37B8ED00D467C4 /* MVC_TeslaCarModelsUITests.xctest */ = {isa = PBXFileReference; explicitFileType = wrapper.cfbundle; includeInIndex = 0; path = MVC_TeslaCarModelsUITests.xctest; sourceTree = BUILT_PRODUCTS_DIR; };
		BEF70AE52B37B8ED00D467C4 /* MVC_TeslaCarModelsUITests.swift */ = {isa = PBXFileReference; lastKnownFileType = sourcecode.swift; path = MVC_TeslaCarModelsUITests.swift; sourceTree = "<group>"; };
		BEF70AE72B37B8ED00D467C4 /* MVC_TeslaCarModelsUITestsLaunchTests.swift */ = {isa = PBXFileReference; lastKnownFileType = sourcecode.swift; path = MVC_TeslaCarModelsUITestsLaunchTests.swift; sourceTree = "<group>"; };
		BEF70AFA2B37BC9100D467C4 /* CarModelCell.swift */ = {isa = PBXFileReference; lastKnownFileType = sourcecode.swift; path = CarModelCell.swift; sourceTree = "<group>"; };
/* End PBXFileReference section */

/* Begin PBXFrameworksBuildPhase section */
		BEF70ABE2B37B8EB00D467C4 /* Frameworks */ = {
			isa = PBXFrameworksBuildPhase;
			buildActionMask = 2147483647;
			files = (
			);
			runOnlyForDeploymentPostprocessing = 0;
		};
		BEF70AD42B37B8ED00D467C4 /* Frameworks */ = {
			isa = PBXFrameworksBuildPhase;
			buildActionMask = 2147483647;
			files = (
			);
			runOnlyForDeploymentPostprocessing = 0;
		};
		BEF70ADE2B37B8ED00D467C4 /* Frameworks */ = {
			isa = PBXFrameworksBuildPhase;
			buildActionMask = 2147483647;
			files = (
			);
			runOnlyForDeploymentPostprocessing = 0;
		};
/* End PBXFrameworksBuildPhase section */

/* Begin PBXGroup section */
		BEF70AB82B37B8EB00D467C4 = {
			isa = PBXGroup;
			children = (
				BEF70AC32B37B8EB00D467C4 /* MVC_TeslaCarModels */,
				BEF70ADA2B37B8ED00D467C4 /* MVC_TeslaCarModelsTests */,
				BEF70AE42B37B8ED00D467C4 /* MVC_TeslaCarModelsUITests */,
				BEF70AC22B37B8EB00D467C4 /* Products */,
			);
			sourceTree = "<group>";
		};
		BEF70AC22B37B8EB00D467C4 /* Products */ = {
			isa = PBXGroup;
			children = (
				BEF70AC12B37B8EB00D467C4 /* MVC_TeslaCarModels.app */,
				BEF70AD72B37B8ED00D467C4 /* MVC_TeslaCarModelsTests.xctest */,
				BEF70AE12B37B8ED00D467C4 /* MVC_TeslaCarModelsUITests.xctest */,
			);
			name = Products;
			sourceTree = "<group>";
		};
		BEF70AC32B37B8EB00D467C4 /* MVC_TeslaCarModels */ = {
			isa = PBXGroup;
			children = (
				BEF70AF82B37BAF300D467C4 /* App&SceneDelegates */,
				BEF70AF72B37B9FB00D467C4 /* Model */,
				BEF70AF62B37B98400D467C4 /* View */,
				BEF70AF52B37B96C00D467C4 /* Controller */,
				BEF70AF42B37B94200D467C4 /* Storyboards */,
				BEF70ACD2B37B8EC00D467C4 /* Assets.xcassets */,
				BEF70AD22B37B8EC00D467C4 /* Info.plist */,
			);
			path = MVC_TeslaCarModels;
			sourceTree = "<group>";
		};
		BEF70ADA2B37B8ED00D467C4 /* MVC_TeslaCarModelsTests */ = {
			isa = PBXGroup;
			children = (
				BEF70ADB2B37B8ED00D467C4 /* MVC_TeslaCarModelsTests.swift */,
			);
			path = MVC_TeslaCarModelsTests;
			sourceTree = "<group>";
		};
		BEF70AE42B37B8ED00D467C4 /* MVC_TeslaCarModelsUITests */ = {
			isa = PBXGroup;
			children = (
				BEF70AE52B37B8ED00D467C4 /* MVC_TeslaCarModelsUITests.swift */,
				BEF70AE72B37B8ED00D467C4 /* MVC_TeslaCarModelsUITestsLaunchTests.swift */,
			);
			path = MVC_TeslaCarModelsUITests;
			sourceTree = "<group>";
		};
		BEF70AF42B37B94200D467C4 /* Storyboards */ = {
			isa = PBXGroup;
			children = (
				BEF70ACA2B37B8EB00D467C4 /* Main.storyboard */,
				BEF70ACF2B37B8EC00D467C4 /* LaunchScreen.storyboard */,
			);
			path = Storyboards;
			sourceTree = "<group>";
		};
		BEF70AF52B37B96C00D467C4 /* Controller */ = {
			isa = PBXGroup;
			children = (
				BEF70AC82B37B8EB00D467C4 /* CarModelsVC.swift */,
			);
			path = Controller;
			sourceTree = "<group>";
		};
		BEF70AF62B37B98400D467C4 /* View */ = {
			isa = PBXGroup;
			children = (
				BEF70AF92B37BC5F00D467C4 /* cells */,
			);
			path = View;
			sourceTree = "<group>";
		};
		BEF70AF72B37B9FB00D467C4 /* Model */ = {
			isa = PBXGroup;
			children = (
			);
			path = Model;
			sourceTree = "<group>";
		};
		BEF70AF82B37BAF300D467C4 /* App&SceneDelegates */ = {
			isa = PBXGroup;
			children = (
				BEF70AC42B37B8EB00D467C4 /* AppDelegate.swift */,
				BEF70AC62B37B8EB00D467C4 /* SceneDelegate.swift */,
			);
			path = "App&SceneDelegates";
			sourceTree = "<group>";
		};
		BEF70AF92B37BC5F00D467C4 /* cells */ = {
			isa = PBXGroup;
			children = (
				BEF70AFA2B37BC9100D467C4 /* CarModelCell.swift */,
			);
			path = cells;
			sourceTree = "<group>";
		};
/* End PBXGroup section */

/* Begin PBXNativeTarget section */
		BEF70AC02B37B8EB00D467C4 /* MVC_TeslaCarModels */ = {
			isa = PBXNativeTarget;
			buildConfigurationList = BEF70AEB2B37B8ED00D467C4 /* Build configuration list for PBXNativeTarget "MVC_TeslaCarModels" */;
			buildPhases = (
				BEF70ABD2B37B8EB00D467C4 /* Sources */,
				BEF70ABE2B37B8EB00D467C4 /* Frameworks */,
				BEF70ABF2B37B8EB00D467C4 /* Resources */,
			);
			buildRules = (
			);
			dependencies = (
			);
			name = MVC_TeslaCarModels;
			productName = MVC_TeslaCarModels;
			productReference = BEF70AC12B37B8EB00D467C4 /* MVC_TeslaCarModels.app */;
			productType = "com.apple.product-type.application";
		};
		BEF70AD62B37B8ED00D467C4 /* MVC_TeslaCarModelsTests */ = {
			isa = PBXNativeTarget;
			buildConfigurationList = BEF70AEE2B37B8ED00D467C4 /* Build configuration list for PBXNativeTarget "MVC_TeslaCarModelsTests" */;
			buildPhases = (
				BEF70AD32B37B8ED00D467C4 /* Sources */,
				BEF70AD42B37B8ED00D467C4 /* Frameworks */,
				BEF70AD52B37B8ED00D467C4 /* Resources */,
			);
			buildRules = (
			);
			dependencies = (
				BEF70AD92B37B8ED00D467C4 /* PBXTargetDependency */,
			);
			name = MVC_TeslaCarModelsTests;
			productName = MVC_TeslaCarModelsTests;
			productReference = BEF70AD72B37B8ED00D467C4 /* MVC_TeslaCarModelsTests.xctest */;
			productType = "com.apple.product-type.bundle.unit-test";
		};
		BEF70AE02B37B8ED00D467C4 /* MVC_TeslaCarModelsUITests */ = {
			isa = PBXNativeTarget;
			buildConfigurationList = BEF70AF12B37B8ED00D467C4 /* Build configuration list for PBXNativeTarget "MVC_TeslaCarModelsUITests" */;
			buildPhases = (
				BEF70ADD2B37B8ED00D467C4 /* Sources */,
				BEF70ADE2B37B8ED00D467C4 /* Frameworks */,
				BEF70ADF2B37B8ED00D467C4 /* Resources */,
			);
			buildRules = (
			);
			dependencies = (
				BEF70AE32B37B8ED00D467C4 /* PBXTargetDependency */,
			);
			name = MVC_TeslaCarModelsUITests;
			productName = MVC_TeslaCarModelsUITests;
			productReference = BEF70AE12B37B8ED00D467C4 /* MVC_TeslaCarModelsUITests.xctest */;
			productType = "com.apple.product-type.bundle.ui-testing";
		};
/* End PBXNativeTarget section */

/* Begin PBXProject section */
		BEF70AB92B37B8EB00D467C4 /* Project object */ = {
			isa = PBXProject;
			attributes = {
				BuildIndependentTargetsInParallel = 1;
				LastSwiftUpdateCheck = 1500;
				LastUpgradeCheck = 1500;
				TargetAttributes = {
					BEF70AC02B37B8EB00D467C4 = {
						CreatedOnToolsVersion = 15.0.1;
					};
					BEF70AD62B37B8ED00D467C4 = {
						CreatedOnToolsVersion = 15.0.1;
						TestTargetID = BEF70AC02B37B8EB00D467C4;
					};
					BEF70AE02B37B8ED00D467C4 = {
						CreatedOnToolsVersion = 15.0.1;
						TestTargetID = BEF70AC02B37B8EB00D467C4;
					};
				};
			};
			buildConfigurationList = BEF70ABC2B37B8EB00D467C4 /* Build configuration list for PBXProject "MVC_TeslaCarModels" */;
			compatibilityVersion = "Xcode 14.0";
			developmentRegion = en;
			hasScannedForEncodings = 0;
			knownRegions = (
				en,
				Base,
			);
			mainGroup = BEF70AB82B37B8EB00D467C4;
			productRefGroup = BEF70AC22B37B8EB00D467C4 /* Products */;
			projectDirPath = "";
			projectRoot = "";
			targets = (
				BEF70AC02B37B8EB00D467C4 /* MVC_TeslaCarModels */,
				BEF70AD62B37B8ED00D467C4 /* MVC_TeslaCarModelsTests */,
				BEF70AE02B37B8ED00D467C4 /* MVC_TeslaCarModelsUITests */,
			);
		};
/* End PBXProject section */

/* Begin PBXResourcesBuildPhase section */
		BEF70ABF2B37B8EB00D467C4 /* Resources */ = {
			isa = PBXResourcesBuildPhase;
			buildActionMask = 2147483647;
			files = (
				BEF70AD12B37B8EC00D467C4 /* LaunchScreen.storyboard in Resources */,
				BEF70ACE2B37B8EC00D467C4 /* Assets.xcassets in Resources */,
				BEF70ACC2B37B8EB00D467C4 /* Main.storyboard in Resources */,
			);
			runOnlyForDeploymentPostprocessing = 0;
		};
		BEF70AD52B37B8ED00D467C4 /* Resources */ = {
			isa = PBXResourcesBuildPhase;
			buildActionMask = 2147483647;
			files = (
			);
			runOnlyForDeploymentPostprocessing = 0;
		};
		BEF70ADF2B37B8ED00D467C4 /* Resources */ = {
			isa = PBXResourcesBuildPhase;
			buildActionMask = 2147483647;
			files = (
			);
			runOnlyForDeploymentPostprocessing = 0;
		};
/* End PBXResourcesBuildPhase section */

/* Begin PBXSourcesBuildPhase section */
		BEF70ABD2B37B8EB00D467C4 /* Sources */ = {
			isa = PBXSourcesBuildPhase;
			buildActionMask = 2147483647;
			files = (
				BEF70AFB2B37BC9100D467C4 /* CarModelCell.swift in Sources */,
				BEF70AC92B37B8EB00D467C4 /* CarModelsVC.swift in Sources */,
				BEF70AC52B37B8EB00D467C4 /* AppDelegate.swift in Sources */,
				BEF70AC72B37B8EB00D467C4 /* SceneDelegate.swift in Sources */,
			);
			runOnlyForDeploymentPostprocessing = 0;
		};
		BEF70AD32B37B8ED00D467C4 /* Sources */ = {
			isa = PBXSourcesBuildPhase;
			buildActionMask = 2147483647;
			files = (
				BEF70ADC2B37B8ED00D467C4 /* MVC_TeslaCarModelsTests.swift in Sources */,
			);
			runOnlyForDeploymentPostprocessing = 0;
		};
		BEF70ADD2B37B8ED00D467C4 /* Sources */ = {
			isa = PBXSourcesBuildPhase;
			buildActionMask = 2147483647;
			files = (
				BEF70AE82B37B8ED00D467C4 /* MVC_TeslaCarModelsUITestsLaunchTests.swift in Sources */,
				BEF70AE62B37B8ED00D467C4 /* MVC_TeslaCarModelsUITests.swift in Sources */,
			);
			runOnlyForDeploymentPostprocessing = 0;
		};
/* End PBXSourcesBuildPhase section */

/* Begin PBXTargetDependency section */
		BEF70AD92B37B8ED00D467C4 /* PBXTargetDependency */ = {
			isa = PBXTargetDependency;
			target = BEF70AC02B37B8EB00D467C4 /* MVC_TeslaCarModels */;
			targetProxy = BEF70AD82B37B8ED00D467C4 /* PBXContainerItemProxy */;
		};
		BEF70AE32B37B8ED00D467C4 /* PBXTargetDependency */ = {
			isa = PBXTargetDependency;
			target = BEF70AC02B37B8EB00D467C4 /* MVC_TeslaCarModels */;
			targetProxy = BEF70AE22B37B8ED00D467C4 /* PBXContainerItemProxy */;
		};
/* End PBXTargetDependency section */

/* Begin PBXVariantGroup section */
		BEF70ACA2B37B8EB00D467C4 /* Main.storyboard */ = {
			isa = PBXVariantGroup;
			children = (
				BEF70ACB2B37B8EB00D467C4 /* Base */,
			);
			name = Main.storyboard;
			sourceTree = "<group>";
		};
		BEF70ACF2B37B8EC00D467C4 /* LaunchScreen.storyboard */ = {
			isa = PBXVariantGroup;
			children = (
				BEF70AD02B37B8EC00D467C4 /* Base */,
			);
			name = LaunchScreen.storyboard;
			sourceTree = "<group>";
		};
/* End PBXVariantGroup section */

/* Begin XCBuildConfiguration section */
		BEF70AE92B37B8ED00D467C4 /* Debug */ = {
			isa = XCBuildConfiguration;
			buildSettings = {
				ALWAYS_SEARCH_USER_PATHS = NO;
				ASSETCATALOG_COMPILER_GENERATE_SWIFT_ASSET_SYMBOL_EXTENSIONS = YES;
				CLANG_ANALYZER_NONNULL = YES;
				CLANG_ANALYZER_NUMBER_OBJECT_CONVERSION = YES_AGGRESSIVE;
				CLANG_CXX_LANGUAGE_STANDARD = "gnu++20";
				CLANG_ENABLE_MODULES = YES;
				CLANG_ENABLE_OBJC_ARC = YES;
				CLANG_ENABLE_OBJC_WEAK = YES;
				CLANG_WARN_BLOCK_CAPTURE_AUTORELEASING = YES;
				CLANG_WARN_BOOL_CONVERSION = YES;
				CLANG_WARN_COMMA = YES;
				CLANG_WARN_CONSTANT_CONVERSION = YES;
				CLANG_WARN_DEPRECATED_OBJC_IMPLEMENTATIONS = YES;
				CLANG_WARN_DIRECT_OBJC_ISA_USAGE = YES_ERROR;
				CLANG_WARN_DOCUMENTATION_COMMENTS = YES;
				CLANG_WARN_EMPTY_BODY = YES;
				CLANG_WARN_ENUM_CONVERSION = YES;
				CLANG_WARN_INFINITE_RECURSION = YES;
				CLANG_WARN_INT_CONVERSION = YES;
				CLANG_WARN_NON_LITERAL_NULL_CONVERSION = YES;
				CLANG_WARN_OBJC_IMPLICIT_RETAIN_SELF = YES;
				CLANG_WARN_OBJC_LITERAL_CONVERSION = YES;
				CLANG_WARN_OBJC_ROOT_CLASS = YES_ERROR;
				CLANG_WARN_QUOTED_INCLUDE_IN_FRAMEWORK_HEADER = YES;
				CLANG_WARN_RANGE_LOOP_ANALYSIS = YES;
				CLANG_WARN_STRICT_PROTOTYPES = YES;
				CLANG_WARN_SUSPICIOUS_MOVE = YES;
				CLANG_WARN_UNGUARDED_AVAILABILITY = YES_AGGRESSIVE;
				CLANG_WARN_UNREACHABLE_CODE = YES;
				CLANG_WARN__DUPLICATE_METHOD_MATCH = YES;
				COPY_PHASE_STRIP = NO;
				DEBUG_INFORMATION_FORMAT = dwarf;
				ENABLE_STRICT_OBJC_MSGSEND = YES;
				ENABLE_TESTABILITY = YES;
				ENABLE_USER_SCRIPT_SANDBOXING = YES;
				GCC_C_LANGUAGE_STANDARD = gnu17;
				GCC_DYNAMIC_NO_PIC = NO;
				GCC_NO_COMMON_BLOCKS = YES;
				GCC_OPTIMIZATION_LEVEL = 0;
				GCC_PREPROCESSOR_DEFINITIONS = (
					"DEBUG=1",
					"$(inherited)",
				);
				GCC_WARN_64_TO_32_BIT_CONVERSION = YES;
				GCC_WARN_ABOUT_RETURN_TYPE = YES_ERROR;
				GCC_WARN_UNDECLARED_SELECTOR = YES;
				GCC_WARN_UNINITIALIZED_AUTOS = YES_AGGRESSIVE;
				GCC_WARN_UNUSED_FUNCTION = YES;
				GCC_WARN_UNUSED_VARIABLE = YES;
				IPHONEOS_DEPLOYMENT_TARGET = 17.0;
				LOCALIZATION_PREFERS_STRING_CATALOGS = YES;
				MTL_ENABLE_DEBUG_INFO = INCLUDE_SOURCE;
				MTL_FAST_MATH = YES;
				ONLY_ACTIVE_ARCH = YES;
				SDKROOT = iphoneos;
				SWIFT_ACTIVE_COMPILATION_CONDITIONS = "DEBUG $(inherited)";
				SWIFT_OPTIMIZATION_LEVEL = "-Onone";
			};
			name = Debug;
		};
		BEF70AEA2B37B8ED00D467C4 /* Release */ = {
			isa = XCBuildConfiguration;
			buildSettings = {
				ALWAYS_SEARCH_USER_PATHS = NO;
				ASSETCATALOG_COMPILER_GENERATE_SWIFT_ASSET_SYMBOL_EXTENSIONS = YES;
				CLANG_ANALYZER_NONNULL = YES;
				CLANG_ANALYZER_NUMBER_OBJECT_CONVERSION = YES_AGGRESSIVE;
				CLANG_CXX_LANGUAGE_STANDARD = "gnu++20";
				CLANG_ENABLE_MODULES = YES;
				CLANG_ENABLE_OBJC_ARC = YES;
				CLANG_ENABLE_OBJC_WEAK = YES;
				CLANG_WARN_BLOCK_CAPTURE_AUTORELEASING = YES;
				CLANG_WARN_BOOL_CONVERSION = YES;
				CLANG_WARN_COMMA = YES;
				CLANG_WARN_CONSTANT_CONVERSION = YES;
				CLANG_WARN_DEPRECATED_OBJC_IMPLEMENTATIONS = YES;
				CLANG_WARN_DIRECT_OBJC_ISA_USAGE = YES_ERROR;
				CLANG_WARN_DOCUMENTATION_COMMENTS = YES;
				CLANG_WARN_EMPTY_BODY = YES;
				CLANG_WARN_ENUM_CONVERSION = YES;
				CLANG_WARN_INFINITE_RECURSION = YES;
				CLANG_WARN_INT_CONVERSION = YES;
				CLANG_WARN_NON_LITERAL_NULL_CONVERSION = YES;
				CLANG_WARN_OBJC_IMPLICIT_RETAIN_SELF = YES;
				CLANG_WARN_OBJC_LITERAL_CONVERSION = YES;
				CLANG_WARN_OBJC_ROOT_CLASS = YES_ERROR;
				CLANG_WARN_QUOTED_INCLUDE_IN_FRAMEWORK_HEADER = YES;
				CLANG_WARN_RANGE_LOOP_ANALYSIS = YES;
				CLANG_WARN_STRICT_PROTOTYPES = YES;
				CLANG_WARN_SUSPICIOUS_MOVE = YES;
				CLANG_WARN_UNGUARDED_AVAILABILITY = YES_AGGRESSIVE;
				CLANG_WARN_UNREACHABLE_CODE = YES;
				CLANG_WARN__DUPLICATE_METHOD_MATCH = YES;
				COPY_PHASE_STRIP = NO;
				DEBUG_INFORMATION_FORMAT = "dwarf-with-dsym";
				ENABLE_NS_ASSERTIONS = NO;
				ENABLE_STRICT_OBJC_MSGSEND = YES;
				ENABLE_USER_SCRIPT_SANDBOXING = YES;
				GCC_C_LANGUAGE_STANDARD = gnu17;
				GCC_NO_COMMON_BLOCKS = YES;
				GCC_WARN_64_TO_32_BIT_CONVERSION = YES;
				GCC_WARN_ABOUT_RETURN_TYPE = YES_ERROR;
				GCC_WARN_UNDECLARED_SELECTOR = YES;
				GCC_WARN_UNINITIALIZED_AUTOS = YES_AGGRESSIVE;
				GCC_WARN_UNUSED_FUNCTION = YES;
				GCC_WARN_UNUSED_VARIABLE = YES;
				IPHONEOS_DEPLOYMENT_TARGET = 17.0;
				LOCALIZATION_PREFERS_STRING_CATALOGS = YES;
				MTL_ENABLE_DEBUG_INFO = NO;
				MTL_FAST_MATH = YES;
				SDKROOT = iphoneos;
				SWIFT_COMPILATION_MODE = wholemodule;
				VALIDATE_PRODUCT = YES;
			};
			name = Release;
		};
		BEF70AEC2B37B8ED00D467C4 /* Debug */ = {
			isa = XCBuildConfiguration;
			buildSettings = {
				ASSETCATALOG_COMPILER_APPICON_NAME = AppIcon;
				ASSETCATALOG_COMPILER_GLOBAL_ACCENT_COLOR_NAME = AccentColor;
				CODE_SIGN_STYLE = Automatic;
				CURRENT_PROJECT_VERSION = 1;
				DEVELOPMENT_TEAM = W588GMFYXB;
				GENERATE_INFOPLIST_FILE = YES;
				INFOPLIST_FILE = MVC_TeslaCarModels/Info.plist;
				INFOPLIST_KEY_CFBundleDisplayName = TeslaCarModels;
				INFOPLIST_KEY_LSApplicationCategoryType = "public.app-category.business";
				INFOPLIST_KEY_UIApplicationSupportsIndirectInputEvents = YES;
				INFOPLIST_KEY_UILaunchStoryboardName = LaunchScreen;
				INFOPLIST_KEY_UIMainStoryboardFile = Main;
				INFOPLIST_KEY_UISupportedInterfaceOrientations_iPad = "UIInterfaceOrientationPortrait UIInterfaceOrientationPortraitUpsideDown UIInterfaceOrientationLandscapeLeft UIInterfaceOrientationLandscapeRight";
				INFOPLIST_KEY_UISupportedInterfaceOrientations_iPhone = "UIInterfaceOrientationPortrait UIInterfaceOrientationLandscapeLeft UIInterfaceOrientationLandscapeRight";
				IPHONEOS_DEPLOYMENT_TARGET = 15.0;
				LD_RUNPATH_SEARCH_PATHS = (
					"$(inherited)",
					"@executable_path/Frameworks",
				);
				MARKETING_VERSION = 1.0;
				PRODUCT_BUNDLE_IDENTIFIER = "com.sindam.MVC-TeslaCarModels";
				PRODUCT_NAME = "$(TARGET_NAME)";
				SWIFT_EMIT_LOC_STRINGS = YES;
				SWIFT_VERSION = 5.0;
				TARGETED_DEVICE_FAMILY = "1,2";
			};
			name = Debug;
		};
		BEF70AED2B37B8ED00D467C4 /* Release */ = {
			isa = XCBuildConfiguration;
			buildSettings = {
				ASSETCATALOG_COMPILER_APPICON_NAME = AppIcon;
				ASSETCATALOG_COMPILER_GLOBAL_ACCENT_COLOR_NAME = AccentColor;
				CODE_SIGN_STYLE = Automatic;
				CURRENT_PROJECT_VERSION = 1;
				DEVELOPMENT_TEAM = W588GMFYXB;
				GENERATE_INFOPLIST_FILE = YES;
				INFOPLIST_FILE = MVC_TeslaCarModels/Info.plist;
				INFOPLIST_KEY_CFBundleDisplayName = TeslaCarModels;
				INFOPLIST_KEY_LSApplicationCategoryType = "public.app-category.business";
				INFOPLIST_KEY_UIApplicationSupportsIndirectInputEvents = YES;
				INFOPLIST_KEY_UILaunchStoryboardName = LaunchScreen;
				INFOPLIST_KEY_UIMainStoryboardFile = Main;
				INFOPLIST_KEY_UISupportedInterfaceOrientations_iPad = "UIInterfaceOrientationPortrait UIInterfaceOrientationPortraitUpsideDown UIInterfaceOrientationLandscapeLeft UIInterfaceOrientationLandscapeRight";
				INFOPLIST_KEY_UISupportedInterfaceOrientations_iPhone = "UIInterfaceOrientationPortrait UIInterfaceOrientationLandscapeLeft UIInterfaceOrientationLandscapeRight";
				IPHONEOS_DEPLOYMENT_TARGET = 15.0;
				LD_RUNPATH_SEARCH_PATHS = (
					"$(inherited)",
					"@executable_path/Frameworks",
				);
				MARKETING_VERSION = 1.0;
				PRODUCT_BUNDLE_IDENTIFIER = "com.sindam.MVC-TeslaCarModels";
				PRODUCT_NAME = "$(TARGET_NAME)";
				SWIFT_EMIT_LOC_STRINGS = YES;
				SWIFT_VERSION = 5.0;
				TARGETED_DEVICE_FAMILY = "1,2";
			};
			name = Release;
		};
		BEF70AEF2B37B8ED00D467C4 /* Debug */ = {
			isa = XCBuildConfiguration;
			buildSettings = {
				ALWAYS_EMBED_SWIFT_STANDARD_LIBRARIES = YES;
				BUNDLE_LOADER = "$(TEST_HOST)";
				CODE_SIGN_STYLE = Automatic;
				CURRENT_PROJECT_VERSION = 1;
				DEVELOPMENT_TEAM = W588GMFYXB;
				GENERATE_INFOPLIST_FILE = YES;
				IPHONEOS_DEPLOYMENT_TARGET = 17.0;
				MARKETING_VERSION = 1.0;
				PRODUCT_BUNDLE_IDENTIFIER = "com.sindam.MVC-TeslaCarModelsTests";
				PRODUCT_NAME = "$(TARGET_NAME)";
				SWIFT_EMIT_LOC_STRINGS = NO;
				SWIFT_VERSION = 5.0;
				TARGETED_DEVICE_FAMILY = "1,2";
				TEST_HOST = "$(BUILT_PRODUCTS_DIR)/MVC_TeslaCarModels.app/$(BUNDLE_EXECUTABLE_FOLDER_PATH)/MVC_TeslaCarModels";
			};
			name = Debug;
		};
		BEF70AF02B37B8ED00D467C4 /* Release */ = {
			isa = XCBuildConfiguration;
			buildSettings = {
				ALWAYS_EMBED_SWIFT_STANDARD_LIBRARIES = YES;
				BUNDLE_LOADER = "$(TEST_HOST)";
				CODE_SIGN_STYLE = Automatic;
				CURRENT_PROJECT_VERSION = 1;
				DEVELOPMENT_TEAM = W588GMFYXB;
				GENERATE_INFOPLIST_FILE = YES;
				IPHONEOS_DEPLOYMENT_TARGET = 17.0;
				MARKETING_VERSION = 1.0;
				PRODUCT_BUNDLE_IDENTIFIER = "com.sindam.MVC-TeslaCarModelsTests";
				PRODUCT_NAME = "$(TARGET_NAME)";
				SWIFT_EMIT_LOC_STRINGS = NO;
				SWIFT_VERSION = 5.0;
				TARGETED_DEVICE_FAMILY = "1,2";
				TEST_HOST = "$(BUILT_PRODUCTS_DIR)/MVC_TeslaCarModels.app/$(BUNDLE_EXECUTABLE_FOLDER_PATH)/MVC_TeslaCarModels";
			};
			name = Release;
		};
		BEF70AF22B37B8ED00D467C4 /* Debug */ = {
			isa = XCBuildConfiguration;
			buildSettings = {
				ALWAYS_EMBED_SWIFT_STANDARD_LIBRARIES = YES;
				CODE_SIGN_STYLE = Automatic;
				CURRENT_PROJECT_VERSION = 1;
				DEVELOPMENT_TEAM = W588GMFYXB;
				GENERATE_INFOPLIST_FILE = YES;
				MARKETING_VERSION = 1.0;
				PRODUCT_BUNDLE_IDENTIFIER = "com.sindam.MVC-TeslaCarModelsUITests";
				PRODUCT_NAME = "$(TARGET_NAME)";
				SWIFT_EMIT_LOC_STRINGS = NO;
				SWIFT_VERSION = 5.0;
				TARGETED_DEVICE_FAMILY = "1,2";
				TEST_TARGET_NAME = MVC_TeslaCarModels;
			};
			name = Debug;
		};
		BEF70AF32B37B8ED00D467C4 /* Release */ = {
			isa = XCBuildConfiguration;
			buildSettings = {
				ALWAYS_EMBED_SWIFT_STANDARD_LIBRARIES = YES;
				CODE_SIGN_STYLE = Automatic;
				CURRENT_PROJECT_VERSION = 1;
				DEVELOPMENT_TEAM = W588GMFYXB;
				GENERATE_INFOPLIST_FILE = YES;
				MARKETING_VERSION = 1.0;
				PRODUCT_BUNDLE_IDENTIFIER = "com.sindam.MVC-TeslaCarModelsUITests";
				PRODUCT_NAME = "$(TARGET_NAME)";
				SWIFT_EMIT_LOC_STRINGS = NO;
				SWIFT_VERSION = 5.0;
				TARGETED_DEVICE_FAMILY = "1,2";
				TEST_TARGET_NAME = MVC_TeslaCarModels;
			};
			name = Release;
		};
/* End XCBuildConfiguration section */

/* Begin XCConfigurationList section */
		BEF70ABC2B37B8EB00D467C4 /* Build configuration list for PBXProject "MVC_TeslaCarModels" */ = {
			isa = XCConfigurationList;
			buildConfigurations = (
				BEF70AE92B37B8ED00D467C4 /* Debug */,
				BEF70AEA2B37B8ED00D467C4 /* Release */,
			);
			defaultConfigurationIsVisible = 0;
			defaultConfigurationName = Release;
		};
		BEF70AEB2B37B8ED00D467C4 /* Build configuration list for PBXNativeTarget "MVC_TeslaCarModels" */ = {
			isa = XCConfigurationList;
			buildConfigurations = (
				BEF70AEC2B37B8ED00D467C4 /* Debug */,
				BEF70AED2B37B8ED00D467C4 /* Release */,
			);
			defaultConfigurationIsVisible = 0;
			defaultConfigurationName = Release;
		};
		BEF70AEE2B37B8ED00D467C4 /* Build configuration list for PBXNativeTarget "MVC_TeslaCarModelsTests" */ = {
			isa = XCConfigurationList;
			buildConfigurations = (
				BEF70AEF2B37B8ED00D467C4 /* Debug */,
				BEF70AF02B37B8ED00D467C4 /* Release */,
			);
			defaultConfigurationIsVisible = 0;
			defaultConfigurationName = Release;
		};
		BEF70AF12B37B8ED00D467C4 /* Build configuration list for PBXNativeTarget "MVC_TeslaCarModelsUITests" */ = {
			isa = XCConfigurationList;
			buildConfigurations = (
				BEF70AF22B37B8ED00D467C4 /* Debug */,
				BEF70AF32B37B8ED00D467C4 /* Release */,
			);
			defaultConfigurationIsVisible = 0;
			defaultConfigurationName = Release;
		};
/* End XCConfigurationList section */
	};
	rootObject = BEF70AB92B37B8EB00D467C4 /* Project object */;
}
